
Microsoft Visual Studio Solution File, Format Version 12.00
# Visual Studio Version 17
VisualStudioVersion = 17.8.34330.188
MinimumVisualStudioVersion = 10.0.40219.1
Project("{FAE04EC0-301F-11D3-BF4B-00C04F79EFBC}") = "PgExplorer", "PgExplorer.csproj", "{DAF3A556-A687-4255-9376-5C96E6FD26EB}"
EndProject
Global
	GlobalSection(SolutionConfigurationPlatforms) = preSolution
		Debug|Any CPU = Debug|Any CPU
		Release|Any CPU = Release|Any CPU
	EndGlobalSection
	GlobalSection(ProjectConfigurationPlatforms) = postSolution
		{DAF3A556-A687-4255-9376-5C96E6FD26EB}.Debug|Any CPU.ActiveCfg = Debug|Any CPU
		{DAF3A556-A687-4255-9376-5C96E6FD26EB}.Debug|Any CPU.Build.0 = Debug|Any CPU
		{DAF3A556-A687-4255-9376-5C96E6FD26EB}.Release|Any CPU.ActiveCfg = Release|Any CPU
		{DAF3A556-A687-4255-9376-5C96E6FD26EB}.Release|Any CPU.Build.0 = Release|Any CPU
	EndGlobalSection
	GlobalSection(SolutionProperties) = preSolution
		HideSolutionNode = FALSE
	EndGlobalSection
	GlobalSection(ExtensibilityGlobals) = postSolution
		SolutionGuid = {7A95DCA1-C67C-4C10-87FA-0F8A16E0915F}
	EndGlobalSection
EndGlobal
