
Microsoft Visual Studio Solution File, Format Version 12.00
# Visual Studio Version 17
VisualStudioVersion = 17.8.34330.188
MinimumVisualStudioVersion = 10.0.40219.1
Project("{FAE04EC0-301F-11D3-BF4B-00C04F79EFBC}") = "HOSTELHUNT", "HOSTELHUNT.csproj", "{AD65C01A-49F4-4238-8D42-40FFA2938460}"
EndProject
Global
	GlobalSection(SolutionConfigurationPlatforms) = preSolution
		Debug|Any CPU = Debug|Any CPU
		Release|Any CPU = Release|Any CPU
	EndGlobalSection
	GlobalSection(ProjectConfigurationPlatforms) = postSolution
		{AD65C01A-49F4-4238-8D42-40FFA2938460}.Debug|Any CPU.ActiveCfg = Debug|Any CPU
		{AD65C01A-49F4-4238-8D42-40FFA2938460}.Debug|Any CPU.Build.0 = Debug|Any CPU
		{AD65C01A-49F4-4238-8D42-40FFA2938460}.Release|Any CPU.ActiveCfg = Release|Any CPU
		{AD65C01A-49F4-4238-8D42-40FFA2938460}.Release|Any CPU.Build.0 = Release|Any CPU
	EndGlobalSection
	GlobalSection(SolutionProperties) = preSolution
		HideSolutionNode = FALSE
	EndGlobalSection
	GlobalSection(ExtensibilityGlobals) = postSolution
		SolutionGuid = {17C91B99-13A0-4FE7-9A00-4657DA5E7106}
	EndGlobalSection
EndGlobal
